// !$*UTF8*$!
{
	archiveVersion = 1;
	classes = {
	};
	objectVersion = 55;
	objects = {

/* Begin PBXBuildFile section */
		42621A822747F16E003E549D /* AppDelegate.swift in Sources */ = {isa = PBXBuildFile; fileRef = 42621A812747F16E003E549D /* AppDelegate.swift */; };
		42621A842747F16E003E549D /* art.scnassets in Resources */ = {isa = PBXBuildFile; fileRef = 42621A832747F16E003E549D /* art.scnassets */; };
		42621A862747F16E003E549D /* ViewController.swift in Sources */ = {isa = PBXBuildFile; fileRef = 42621A852747F16E003E549D /* ViewController.swift */; };
		42621A892747F16E003E549D /* Main.storyboard in Resources */ = {isa = PBXBuildFile; fileRef = 42621A872747F16E003E549D /* Main.storyboard */; };
		42621A8B2747F16F003E549D /* Assets.xcassets in Resources */ = {isa = PBXBuildFile; fileRef = 42621A8A2747F16F003E549D /* Assets.xcassets */; };
		42621A8E2747F16F003E549D /* LaunchScreen.storyboard in Resources */ = {isa = PBXBuildFile; fileRef = 42621A8C2747F16F003E549D /* LaunchScreen.storyboard */; };
		42621A982747F16F003E549D /* AugmentedDrawingAppTests.swift in Sources */ = {isa = PBXBuildFile; fileRef = 42621A972747F16F003E549D /* AugmentedDrawingAppTests.swift */; };
		42621AA22747F16F003E549D /* AugmentedDrawingAppUITests.swift in Sources */ = {isa = PBXBuildFile; fileRef = 42621AA12747F16F003E549D /* AugmentedDrawingAppUITests.swift */; };
		42621AA42747F16F003E549D /* AugmentedDrawingAppUITestsLaunchTests.swift in Sources */ = {isa = PBXBuildFile; fileRef = 42621AA32747F16F003E549D /* AugmentedDrawingAppUITestsLaunchTests.swift */; };
/* End PBXBuildFile section */

/* Begin PBXContainerItemProxy section */
		42621A942747F16F003E549D /* PBXContainerItemProxy */ = {
			isa = PBXContainerItemProxy;
			containerPortal = 42621A762747F16E003E549D /* Project object */;
			proxyType = 1;
			remoteGlobalIDString = 42621A7D2747F16E003E549D;
			remoteInfo = AugmentedDrawingApp;
		};
		42621A9E2747F16F003E549D /* PBXContainerItemProxy */ = {
			isa = PBXContainerItemProxy;
			containerPortal = 42621A762747F16E003E549D /* Project object */;
			proxyType = 1;
			remoteGlobalIDString = 42621A7D2747F16E003E549D;
			remoteInfo = AugmentedDrawingApp;
		};
/* End PBXContainerItemProxy section */

/* Begin PBXFileReference section */
		42621A7E2747F16E003E549D /* AugmentedDrawingApp.app */ = {isa = PBXFileReference; explicitFileType = wrapper.application; includeInIndex = 0; path = AugmentedDrawingApp.app; sourceTree = BUILT_PRODUCTS_DIR; };
		42621A812747F16E003E549D /* AppDelegate.swift */ = {isa = PBXFileReference; lastKnownFileType = sourcecode.swift; path = AppDelegate.swift; sourceTree = "<group>"; };
		42621A832747F16E003E549D /* art.scnassets */ = {isa = PBXFileReference; lastKnownFileType = wrapper.scnassets; path = art.scnassets; sourceTree = "<group>"; };
		42621A852747F16E003E549D /* ViewController.swift */ = {isa = PBXFileReference; lastKnownFileType = sourcecode.swift; path = ViewController.swift; sourceTree = "<group>"; };
		42621A882747F16E003E549D /* Base */ = {isa = PBXFileReference; lastKnownFileType = file.storyboard; name = Base; path = Base.lproj/Main.storyboard; sourceTree = "<group>"; };
		42621A8A2747F16F003E549D /* Assets.xcassets */ = {isa = PBXFileReference; lastKnownFileType = folder.assetcatalog; path = Assets.xcassets; sourceTree = "<group>"; };
		42621A8D2747F16F003E549D /* Base */ = {isa = PBXFileReference; lastKnownFileType = file.storyboard; name = Base; path = Base.lproj/LaunchScreen.storyboard; sourceTree = "<group>"; };
		42621A932747F16F003E549D /* AugmentedDrawingAppTests.xctest */ = {isa = PBXFileReference; explicitFileType = wrapper.cfbundle; includeInIndex = 0; path = AugmentedDrawingAppTests.xctest; sourceTree = BUILT_PRODUCTS_DIR; };
		42621A972747F16F003E549D /* AugmentedDrawingAppTests.swift */ = {isa = PBXFileReference; lastKnownFileType = sourcecode.swift; path = AugmentedDrawingAppTests.swift; sourceTree = "<group>"; };
		42621A9D2747F16F003E549D /* AugmentedDrawingAppUITests.xctest */ = {isa = PBXFileReference; explicitFileType = wrapper.cfbundle; includeInIndex = 0; path = AugmentedDrawingAppUITests.xctest; sourceTree = BUILT_PRODUCTS_DIR; };
		42621AA12747F16F003E549D /* AugmentedDrawingAppUITests.swift */ = {isa = PBXFileReference; lastKnownFileType = sourcecode.swift; path = AugmentedDrawingAppUITests.swift; sourceTree = "<group>"; };
		42621AA32747F16F003E549D /* AugmentedDrawingAppUITestsLaunchTests.swift */ = {isa = PBXFileReference; lastKnownFileType = sourcecode.swift; path = AugmentedDrawingAppUITestsLaunchTests.swift; sourceTree = "<group>"; };
/* End PBXFileReference section */

/* Begin PBXFrameworksBuildPhase section */
		42621A7B2747F16E003E549D /* Frameworks */ = {
			isa = PBXFrameworksBuildPhase;
			buildActionMask = 2147483647;
			files = (
			);
			runOnlyForDeploymentPostprocessing = 0;
		};
		42621A902747F16F003E549D /* Frameworks */ = {
			isa = PBXFrameworksBuildPhase;
			buildActionMask = 2147483647;
			files = (
			);
			runOnlyForDeploymentPostprocessing = 0;
		};
		42621A9A2747F16F003E549D /* Frameworks */ = {
			isa = PBXFrameworksBuildPhase;
			buildActionMask = 2147483647;
			files = (
			);
			runOnlyForDeploymentPostprocessing = 0;
		};
/* End PBXFrameworksBuildPhase section */

/* Begin PBXGroup section */
		42621A752747F16E003E549D = {
			isa = PBXGroup;
			children = (
				42621A802747F16E003E549D /* AugmentedDrawingApp */,
				42621A962747F16F003E549D /* AugmentedDrawingAppTests */,
				42621AA02747F16F003E549D /* AugmentedDrawingAppUITests */,
				42621A7F2747F16E003E549D /* Products */,
			);
			sourceTree = "<group>";
		};
		42621A7F2747F16E003E549D /* Products */ = {
			isa = PBXGroup;
			children = (
				42621A7E2747F16E003E549D /* AugmentedDrawingApp.app */,
				42621A932747F16F003E549D /* AugmentedDrawingAppTests.xctest */,
				42621A9D2747F16F003E549D /* AugmentedDrawingAppUITests.xctest */,
			);
			name = Products;
			sourceTree = "<group>";
		};
		42621A802747F16E003E549D /* AugmentedDrawingApp */ = {
			isa = PBXGroup;
			children = (
				42621A812747F16E003E549D /* AppDelegate.swift */,
				42621A832747F16E003E549D /* art.scnassets */,
				42621A852747F16E003E549D /* ViewController.swift */,
				42621A872747F16E003E549D /* Main.storyboard */,
				42621A8A2747F16F003E549D /* Assets.xcassets */,
				42621A8C2747F16F003E549D /* LaunchScreen.storyboard */,
			);
			path = AugmentedDrawingApp;
			sourceTree = "<group>";
		};
		42621A962747F16F003E549D /* AugmentedDrawingAppTests */ = {
			isa = PBXGroup;
			children = (
				42621A972747F16F003E549D /* AugmentedDrawingAppTests.swift */,
			);
			path = AugmentedDrawingAppTests;
			sourceTree = "<group>";
		};
		42621AA02747F16F003E549D /* AugmentedDrawingAppUITests */ = {
			isa = PBXGroup;
			children = (
				42621AA12747F16F003E549D /* AugmentedDrawingAppUITests.swift */,
				42621AA32747F16F003E549D /* AugmentedDrawingAppUITestsLaunchTests.swift */,
			);
			path = AugmentedDrawingAppUITests;
			sourceTree = "<group>";
		};
/* End PBXGroup section */

/* Begin PBXNativeTarget section */
		42621A7D2747F16E003E549D /* AugmentedDrawingApp */ = {
			isa = PBXNativeTarget;
			buildConfigurationList = 42621AA72747F16F003E549D /* Build configuration list for PBXNativeTarget "AugmentedDrawingApp" */;
			buildPhases = (
				42621A7A2747F16E003E549D /* Sources */,
				42621A7B2747F16E003E549D /* Frameworks */,
				42621A7C2747F16E003E549D /* Resources */,
			);
			buildRules = (
			);
			dependencies = (
			);
			name = AugmentedDrawingApp;
			productName = AugmentedDrawingApp;
			productReference = 42621A7E2747F16E003E549D /* AugmentedDrawingApp.app */;
			productType = "com.apple.product-type.application";
		};
		42621A922747F16F003E549D /* AugmentedDrawingAppTests */ = {
			isa = PBXNativeTarget;
			buildConfigurationList = 42621AAA2747F16F003E549D /* Build configuration list for PBXNativeTarget "AugmentedDrawingAppTests" */;
			buildPhases = (
				42621A8F2747F16F003E549D /* Sources */,
				42621A902747F16F003E549D /* Frameworks */,
				42621A912747F16F003E549D /* Resources */,
			);
			buildRules = (
			);
			dependencies = (
				42621A952747F16F003E549D /* PBXTargetDependency */,
			);
			name = AugmentedDrawingAppTests;
			productName = AugmentedDrawingAppTests;
			productReference = 42621A932747F16F003E549D /* AugmentedDrawingAppTests.xctest */;
			productType = "com.apple.product-type.bundle.unit-test";
		};
		42621A9C2747F16F003E549D /* AugmentedDrawingAppUITests */ = {
			isa = PBXNativeTarget;
			buildConfigurationList = 42621AAD2747F16F003E549D /* Build configuration list for PBXNativeTarget "AugmentedDrawingAppUITests" */;
			buildPhases = (
				42621A992747F16F003E549D /* Sources */,
				42621A9A2747F16F003E549D /* Frameworks */,
				42621A9B2747F16F003E549D /* Resources */,
			);
			buildRules = (
			);
			dependencies = (
				42621A9F2747F16F003E549D /* PBXTargetDependency */,
			);
			name = AugmentedDrawingAppUITests;
			productName = AugmentedDrawingAppUITests;
			productReference = 42621A9D2747F16F003E549D /* AugmentedDrawingAppUITests.xctest */;
			productType = "com.apple.product-type.bundle.ui-testing";
		};
/* End PBXNativeTarget section */

/* Begin PBXProject section */
		42621A762747F16E003E549D /* Project object */ = {
			isa = PBXProject;
			attributes = {
				BuildIndependentTargetsInParallel = 1;
				LastSwiftUpdateCheck = 1300;
				LastUpgradeCheck = 1300;
				TargetAttributes = {
					42621A7D2747F16E003E549D = {
						CreatedOnToolsVersion = 13.0;
					};
					42621A922747F16F003E549D = {
						CreatedOnToolsVersion = 13.0;
						TestTargetID = 42621A7D2747F16E003E549D;
					};
					42621A9C2747F16F003E549D = {
						CreatedOnToolsVersion = 13.0;
						TestTargetID = 42621A7D2747F16E003E549D;
					};
				};
			};
			buildConfigurationList = 42621A792747F16E003E549D /* Build configuration list for PBXProject "AugmentedDrawingApp" */;
			compatibilityVersion = "Xcode 13.0";
			developmentRegion = en;
			hasScannedForEncodings = 0;
			knownRegions = (
				en,
				Base,
			);
			mainGroup = 42621A752747F16E003E549D;
			productRefGroup = 42621A7F2747F16E003E549D /* Products */;
			projectDirPath = "";
			projectRoot = "";
			targets = (
				42621A7D2747F16E003E549D /* AugmentedDrawingApp */,
				42621A922747F16F003E549D /* AugmentedDrawingAppTests */,
				42621A9C2747F16F003E549D /* AugmentedDrawingAppUITests */,
			);
		};
/* End PBXProject section */

/* Begin PBXResourcesBuildPhase section */
		42621A7C2747F16E003E549D /* Resources */ = {
			isa = PBXResourcesBuildPhase;
			buildActionMask = 2147483647;
			files = (
				42621A842747F16E003E549D /* art.scnassets in Resources */,
				42621A8E2747F16F003E549D /* LaunchScreen.storyboard in Resources */,
				42621A8B2747F16F003E549D /* Assets.xcassets in Resources */,
				42621A892747F16E003E549D /* Main.storyboard in Resources */,
			);
			runOnlyForDeploymentPostprocessing = 0;
		};
		42621A912747F16F003E549D /* Resources */ = {
			isa = PBXResourcesBuildPhase;
			buildActionMask = 2147483647;
			files = (
			);
			runOnlyForDeploymentPostprocessing = 0;
		};
		42621A9B2747F16F003E549D /* Resources */ = {
			isa = PBXResourcesBuildPhase;
			buildActionMask = 2147483647;
			files = (
			);
			runOnlyForDeploymentPostprocessing = 0;
		};
/* End PBXResourcesBuildPhase section */

/* Begin PBXSourcesBuildPhase section */
		42621A7A2747F16E003E549D /* Sources */ = {
			isa = PBXSourcesBuildPhase;
			buildActionMask = 2147483647;
			files = (
				42621A862747F16E003E549D /* ViewController.swift in Sources */,
				42621A822747F16E003E549D /* AppDelegate.swift in Sources */,
			);
			runOnlyForDeploymentPostprocessing = 0;
		};
		42621A8F2747F16F003E549D /* Sources */ = {
			isa = PBXSourcesBuildPhase;
			buildActionMask = 2147483647;
			files = (
				42621A982747F16F003E549D /* AugmentedDrawingAppTests.swift in Sources */,
			);
			runOnlyForDeploymentPostprocessing = 0;
		};
		42621A992747F16F003E549D /* Sources */ = {
			isa = PBXSourcesBuildPhase;
			buildActionMask = 2147483647;
			files = (
				42621AA42747F16F003E549D /* AugmentedDrawingAppUITestsLaunchTests.swift in Sources */,
				42621AA22747F16F003E549D /* AugmentedDrawingAppUITests.swift in Sources */,
			);
			runOnlyForDeploymentPostprocessing = 0;
		};
/* End PBXSourcesBuildPhase section */

/* Begin PBXTargetDependency section */
		42621A952747F16F003E549D /* PBXTargetDependency */ = {
			isa = PBXTargetDependency;
			target = 42621A7D2747F16E003E549D /* AugmentedDrawingApp */;
			targetProxy = 42621A942747F16F003E549D /* PBXContainerItemProxy */;
		};
		42621A9F2747F16F003E549D /* PBXTargetDependency */ = {
			isa = PBXTargetDependency;
			target = 42621A7D2747F16E003E549D /* AugmentedDrawingApp */;
			targetProxy = 42621A9E2747F16F003E549D /* PBXContainerItemProxy */;
		};
/* End PBXTargetDependency section */

/* Begin PBXVariantGroup section */
		42621A872747F16E003E549D /* Main.storyboard */ = {
			isa = PBXVariantGroup;
			children = (
				42621A882747F16E003E549D /* Base */,
			);
			name = Main.storyboard;
			sourceTree = "<group>";
		};
		42621A8C2747F16F003E549D /* LaunchScreen.storyboard */ = {
			isa = PBXVariantGroup;
			children = (
				42621A8D2747F16F003E549D /* Base */,
			);
			name = LaunchScreen.storyboard;
			sourceTree = "<group>";
		};
/* End PBXVariantGroup section */

/* Begin XCBuildConfiguration section */
		42621AA52747F16F003E549D /* Debug */ = {
			isa = XCBuildConfiguration;
			buildSettings = {
				ALWAYS_SEARCH_USER_PATHS = NO;
				CLANG_ANALYZER_NONNULL = YES;
				CLANG_ANALYZER_NUMBER_OBJECT_CONVERSION = YES_AGGRESSIVE;
				CLANG_CXX_LANGUAGE_STANDARD = "gnu++17";
				CLANG_CXX_LIBRARY = "libc++";
				CLANG_ENABLE_MODULES = YES;
				CLANG_ENABLE_OBJC_ARC = YES;
				CLANG_ENABLE_OBJC_WEAK = YES;
				CLANG_WARN_BLOCK_CAPTURE_AUTORELEASING = YES;
				CLANG_WARN_BOOL_CONVERSION = YES;
				CLANG_WARN_COMMA = YES;
				CLANG_WARN_CONSTANT_CONVERSION = YES;
				CLANG_WARN_DEPRECATED_OBJC_IMPLEMENTATIONS = YES;
				CLANG_WARN_DIRECT_OBJC_ISA_USAGE = YES_ERROR;
				CLANG_WARN_DOCUMENTATION_COMMENTS = YES;
				CLANG_WARN_EMPTY_BODY = YES;
				CLANG_WARN_ENUM_CONVERSION = YES;
				CLANG_WARN_INFINITE_RECURSION = YES;
				CLANG_WARN_INT_CONVERSION = YES;
				CLANG_WARN_NON_LITERAL_NULL_CONVERSION = YES;
				CLANG_WARN_OBJC_IMPLICIT_RETAIN_SELF = YES;
				CLANG_WARN_OBJC_LITERAL_CONVERSION = YES;
				CLANG_WARN_OBJC_ROOT_CLASS = YES_ERROR;
				CLANG_WARN_QUOTED_INCLUDE_IN_FRAMEWORK_HEADER = YES;
				CLANG_WARN_RANGE_LOOP_ANALYSIS = YES;
				CLANG_WARN_STRICT_PROTOTYPES = YES;
				CLANG_WARN_SUSPICIOUS_MOVE = YES;
				CLANG_WARN_UNGUARDED_AVAILABILITY = YES_AGGRESSIVE;
				CLANG_WARN_UNREACHABLE_CODE = YES;
				CLANG_WARN__DUPLICATE_METHOD_MATCH = YES;
				COPY_PHASE_STRIP = NO;
				DEBUG_INFORMATION_FORMAT = dwarf;
				ENABLE_STRICT_OBJC_MSGSEND = YES;
				ENABLE_TESTABILITY = YES;
				GCC_C_LANGUAGE_STANDARD = gnu11;
				GCC_DYNAMIC_NO_PIC = NO;
				GCC_NO_COMMON_BLOCKS = YES;
				GCC_OPTIMIZATION_LEVEL = 0;
				GCC_PREPROCESSOR_DEFINITIONS = (
					"DEBUG=1",
					"$(inherited)",
				);
				GCC_WARN_64_TO_32_BIT_CONVERSION = YES;
				GCC_WARN_ABOUT_RETURN_TYPE = YES_ERROR;
				GCC_WARN_UNDECLARED_SELECTOR = YES;
				GCC_WARN_UNINITIALIZED_AUTOS = YES_AGGRESSIVE;
				GCC_WARN_UNUSED_FUNCTION = YES;
				GCC_WARN_UNUSED_VARIABLE = YES;
				IPHONEOS_DEPLOYMENT_TARGET = 15.0;
				MTL_ENABLE_DEBUG_INFO = INCLUDE_SOURCE;
				MTL_FAST_MATH = YES;
				ONLY_ACTIVE_ARCH = YES;
				SDKROOT = iphoneos;
				SWIFT_ACTIVE_COMPILATION_CONDITIONS = DEBUG;
				SWIFT_OPTIMIZATION_LEVEL = "-Onone";
			};
			name = Debug;
		};
		42621AA62747F16F003E549D /* Release */ = {
			isa = XCBuildConfiguration;
			buildSettings = {
				ALWAYS_SEARCH_USER_PATHS = NO;
				CLANG_ANALYZER_NONNULL = YES;
				CLANG_ANALYZER_NUMBER_OBJECT_CONVERSION = YES_AGGRESSIVE;
				CLANG_CXX_LANGUAGE_STANDARD = "gnu++17";
				CLANG_CXX_LIBRARY = "libc++";
				CLANG_ENABLE_MODULES = YES;
				CLANG_ENABLE_OBJC_ARC = YES;
				CLANG_ENABLE_OBJC_WEAK = YES;
				CLANG_WARN_BLOCK_CAPTURE_AUTORELEASING = YES;
				CLANG_WARN_BOOL_CONVERSION = YES;
				CLANG_WARN_COMMA = YES;
				CLANG_WARN_CONSTANT_CONVERSION = YES;
				CLANG_WARN_DEPRECATED_OBJC_IMPLEMENTATIONS = YES;
				CLANG_WARN_DIRECT_OBJC_ISA_USAGE = YES_ERROR;
				CLANG_WARN_DOCUMENTATION_COMMENTS = YES;
				CLANG_WARN_EMPTY_BODY = YES;
				CLANG_WARN_ENUM_CONVERSION = YES;
				CLANG_WARN_INFINITE_RECURSION = YES;
				CLANG_WARN_INT_CONVERSION = YES;
				CLANG_WARN_NON_LITERAL_NULL_CONVERSION = YES;
				CLANG_WARN_OBJC_IMPLICIT_RETAIN_SELF = YES;
				CLANG_WARN_OBJC_LITERAL_CONVERSION = YES;
				CLANG_WARN_OBJC_ROOT_CLASS = YES_ERROR;
				CLANG_WARN_QUOTED_INCLUDE_IN_FRAMEWORK_HEADER = YES;
				CLANG_WARN_RANGE_LOOP_ANALYSIS = YES;
				CLANG_WARN_STRICT_PROTOTYPES = YES;
				CLANG_WARN_SUSPICIOUS_MOVE = YES;
				CLANG_WARN_UNGUARDED_AVAILABILITY = YES_AGGRESSIVE;
				CLANG_WARN_UNREACHABLE_CODE = YES;
				CLANG_WARN__DUPLICATE_METHOD_MATCH = YES;
				COPY_PHASE_STRIP = NO;
				DEBUG_INFORMATION_FORMAT = "dwarf-with-dsym";
				ENABLE_NS_ASSERTIONS = NO;
				ENABLE_STRICT_OBJC_MSGSEND = YES;
				GCC_C_LANGUAGE_STANDARD = gnu11;
				GCC_NO_COMMON_BLOCKS = YES;
				GCC_WARN_64_TO_32_BIT_CONVERSION = YES;
				GCC_WARN_ABOUT_RETURN_TYPE = YES_ERROR;
				GCC_WARN_UNDECLARED_SELECTOR = YES;
				GCC_WARN_UNINITIALIZED_AUTOS = YES_AGGRESSIVE;
				GCC_WARN_UNUSED_FUNCTION = YES;
				GCC_WARN_UNUSED_VARIABLE = YES;
				IPHONEOS_DEPLOYMENT_TARGET = 15.0;
				MTL_ENABLE_DEBUG_INFO = NO;
				MTL_FAST_MATH = YES;
				SDKROOT = iphoneos;
				SWIFT_COMPILATION_MODE = wholemodule;
				SWIFT_OPTIMIZATION_LEVEL = "-O";
				VALIDATE_PRODUCT = YES;
			};
			name = Release;
		};
		42621AA82747F16F003E549D /* Debug */ = {
			isa = XCBuildConfiguration;
			buildSettings = {
				ASSETCATALOG_COMPILER_APPICON_NAME = AppIcon;
				ASSETCATALOG_COMPILER_GLOBAL_ACCENT_COLOR_NAME = AccentColor;
				CODE_SIGN_STYLE = Automatic;
				CURRENT_PROJECT_VERSION = 1;
				DEVELOPMENT_TEAM = 2Q98U5HWW8;
				GENERATE_INFOPLIST_FILE = YES;
				INFOPLIST_KEY_NSCameraUsageDescription = "";
				INFOPLIST_KEY_UIApplicationSupportsIndirectInputEvents = YES;
				INFOPLIST_KEY_UILaunchStoryboardName = LaunchScreen;
				INFOPLIST_KEY_UIMainStoryboardFile = Main;
				INFOPLIST_KEY_UIRequiredDeviceCapabilities = arkit;
				INFOPLIST_KEY_UIStatusBarHidden = YES;
				INFOPLIST_KEY_UISupportedInterfaceOrientations_iPad = "UIInterfaceOrientationPortrait UIInterfaceOrientationPortraitUpsideDown UIInterfaceOrientationLandscapeLeft UIInterfaceOrientationLandscapeRight";
				INFOPLIST_KEY_UISupportedInterfaceOrientations_iPhone = "UIInterfaceOrientationPortrait UIInterfaceOrientationLandscapeLeft UIInterfaceOrientationLandscapeRight";
				IPHONEOS_DEPLOYMENT_TARGET = 14.0;
				LD_RUNPATH_SEARCH_PATHS = (
					"$(inherited)",
					"@executable_path/Frameworks",
				);
				MARKETING_VERSION = 1.0;
				PRODUCT_BUNDLE_IDENTIFIER = com.aoguz.ARKitDeneme;
				PRODUCT_NAME = "$(TARGET_NAME)";
				SWIFT_EMIT_LOC_STRINGS = YES;
				SWIFT_VERSION = 5.0;
				TARGETED_DEVICE_FAMILY = "1,2";
			};
			name = Debug;
		};
		42621AA92747F16F003E549D /* Release */ = {
			isa = XCBuildConfiguration;
			buildSettings = {
				ASSETCATALOG_COMPILER_APPICON_NAME = AppIcon;
				ASSETCATALOG_COMPILER_GLOBAL_ACCENT_COLOR_NAME = AccentColor;
				CODE_SIGN_STYLE = Automatic;
				CURRENT_PROJECT_VERSION = 1;
				DEVELOPMENT_TEAM = 2Q98U5HWW8;
				GENERATE_INFOPLIST_FILE = YES;
				INFOPLIST_KEY_NSCameraUsageDescription = "";
				INFOPLIST_KEY_UIApplicationSupportsIndirectInputEvents = YES;
				INFOPLIST_KEY_UILaunchStoryboardName = LaunchScreen;
				INFOPLIST_KEY_UIMainStoryboardFile = Main;
				INFOPLIST_KEY_UIRequiredDeviceCapabilities = arkit;
				INFOPLIST_KEY_UIStatusBarHidden = YES;
				INFOPLIST_KEY_UISupportedInterfaceOrientations_iPad = "UIInterfaceOrientationPortrait UIInterfaceOrientationPortraitUpsideDown UIInterfaceOrientationLandscapeLeft UIInterfaceOrientationLandscapeRight";
				INFOPLIST_KEY_UISupportedInterfaceOrientations_iPhone = "UIInterfaceOrientationPortrait UIInterfaceOrientationLandscapeLeft UIInterfaceOrientationLandscapeRight";
				IPHONEOS_DEPLOYMENT_TARGET = 14.0;
				LD_RUNPATH_SEARCH_PATHS = (
					"$(inherited)",
					"@executable_path/Frameworks",
				);
				MARKETING_VERSION = 1.0;
				PRODUCT_BUNDLE_IDENTIFIER = com.aoguz.ARKitDeneme;
				PRODUCT_NAME = "$(TARGET_NAME)";
				SWIFT_EMIT_LOC_STRINGS = YES;
				SWIFT_VERSION = 5.0;
				TARGETED_DEVICE_FAMILY = "1,2";
			};
			name = Release;
		};
		42621AAB2747F16F003E549D /* Debug */ = {
			isa = XCBuildConfiguration;
			buildSettings = {
				ALWAYS_EMBED_SWIFT_STANDARD_LIBRARIES = YES;
				BUNDLE_LOADER = "$(TEST_HOST)";
				CODE_SIGN_STYLE = Automatic;
				CURRENT_PROJECT_VERSION = 1;
				DEVELOPMENT_TEAM = 2Q98U5HWW8;
				GENERATE_INFOPLIST_FILE = YES;
				IPHONEOS_DEPLOYMENT_TARGET = 15.0;
				LD_RUNPATH_SEARCH_PATHS = (
					"$(inherited)",
					"@executable_path/Frameworks",
					"@loader_path/Frameworks",
				);
				MARKETING_VERSION = 1.0;
				PRODUCT_BUNDLE_IDENTIFIER = com.aoguz.AugmentedDrawingAppTests;
				PRODUCT_NAME = "$(TARGET_NAME)";
				SWIFT_EMIT_LOC_STRINGS = NO;
				SWIFT_VERSION = 5.0;
				TARGETED_DEVICE_FAMILY = "1,2";
				TEST_HOST = "$(BUILT_PRODUCTS_DIR)/AugmentedDrawingApp.app/AugmentedDrawingApp";
			};
			name = Debug;
		};
		42621AAC2747F16F003E549D /* Release */ = {
			isa = XCBuildConfiguration;
			buildSettings = {
				ALWAYS_EMBED_SWIFT_STANDARD_LIBRARIES = YES;
				BUNDLE_LOADER = "$(TEST_HOST)";
				CODE_SIGN_STYLE = Automatic;
				CURRENT_PROJECT_VERSION = 1;
				DEVELOPMENT_TEAM = 2Q98U5HWW8;
				GENERATE_INFOPLIST_FILE = YES;
				IPHONEOS_DEPLOYMENT_TARGET = 15.0;
				LD_RUNPATH_SEARCH_PATHS = (
					"$(inherited)",
					"@executable_path/Frameworks",
					"@loader_path/Frameworks",
				);
				MARKETING_VERSION = 1.0;
				PRODUCT_BUNDLE_IDENTIFIER = com.aoguz.AugmentedDrawingAppTests;
				PRODUCT_NAME = "$(TARGET_NAME)";
				SWIFT_EMIT_LOC_STRINGS = NO;
				SWIFT_VERSION = 5.0;
				TARGETED_DEVICE_FAMILY = "1,2";
				TEST_HOST = "$(BUILT_PRODUCTS_DIR)/AugmentedDrawingApp.app/AugmentedDrawingApp";
			};
			name = Release;
		};
		42621AAE2747F16F003E549D /* Debug */ = {
			isa = XCBuildConfiguration;
			buildSettings = {
				ALWAYS_EMBED_SWIFT_STANDARD_LIBRARIES = YES;
				CODE_SIGN_STYLE = Automatic;
				CURRENT_PROJECT_VERSION = 1;
				DEVELOPMENT_TEAM = 2Q98U5HWW8;
				GENERATE_INFOPLIST_FILE = YES;
				LD_RUNPATH_SEARCH_PATHS = (
					"$(inherited)",
					"@executable_path/Frameworks",
					"@loader_path/Frameworks",
				);
				MARKETING_VERSION = 1.0;
				PRODUCT_BUNDLE_IDENTIFIER = com.aoguz.AugmentedDrawingAppUITests;
				PRODUCT_NAME = "$(TARGET_NAME)";
				SWIFT_EMIT_LOC_STRINGS = NO;
				SWIFT_VERSION = 5.0;
				TARGETED_DEVICE_FAMILY = "1,2";
				TEST_TARGET_NAME = AugmentedDrawingApp;
			};
			name = Debug;
		};
		42621AAF2747F16F003E549D /* Release */ = {
			isa = XCBuildConfiguration;
			buildSettings = {
				ALWAYS_EMBED_SWIFT_STANDARD_LIBRARIES = YES;
				CODE_SIGN_STYLE = Automatic;
				CURRENT_PROJECT_VERSION = 1;
				DEVELOPMENT_TEAM = 2Q98U5HWW8;
				GENERATE_INFOPLIST_FILE = YES;
				LD_RUNPATH_SEARCH_PATHS = (
					"$(inherited)",
					"@executable_path/Frameworks",
					"@loader_path/Frameworks",
				);
				MARKETING_VERSION = 1.0;
				PRODUCT_BUNDLE_IDENTIFIER = com.aoguz.AugmentedDrawingAppUITests;
				PRODUCT_NAME = "$(TARGET_NAME)";
				SWIFT_EMIT_LOC_STRINGS = NO;
				SWIFT_VERSION = 5.0;
				TARGETED_DEVICE_FAMILY = "1,2";
				TEST_TARGET_NAME = AugmentedDrawingApp;
			};
			name = Release;
		};
/* End XCBuildConfiguration section */

/* Begin XCConfigurationList section */
		42621A792747F16E003E549D /* Build configuration list for PBXProject "AugmentedDrawingApp" */ = {
			isa = XCConfigurationList;
			buildConfigurations = (
				42621AA52747F16F003E549D /* Debug */,
				42621AA62747F16F003E549D /* Release */,
			);
			defaultConfigurationIsVisible = 0;
			defaultConfigurationName = Release;
		};
		42621AA72747F16F003E549D /* Build configuration list for PBXNativeTarget "AugmentedDrawingApp" */ = {
			isa = XCConfigurationList;
			buildConfigurations = (
				42621AA82747F16F003E549D /* Debug */,
				42621AA92747F16F003E549D /* Release */,
			);
			defaultConfigurationIsVisible = 0;
			defaultConfigurationName = Release;
		};
		42621AAA2747F16F003E549D /* Build configuration list for PBXNativeTarget "AugmentedDrawingAppTests" */ = {
			isa = XCConfigurationList;
			buildConfigurations = (
				42621AAB2747F16F003E549D /* Debug */,
				42621AAC2747F16F003E549D /* Release */,
			);
			defaultConfigurationIsVisible = 0;
			defaultConfigurationName = Release;
		};
		42621AAD2747F16F003E549D /* Build configuration list for PBXNativeTarget "AugmentedDrawingAppUITests" */ = {
			isa = XCConfigurationList;
			buildConfigurations = (
				42621AAE2747F16F003E549D /* Debug */,
				42621AAF2747F16F003E549D /* Release */,
			);
			defaultConfigurationIsVisible = 0;
			defaultConfigurationName = Release;
		};
/* End XCConfigurationList section */
	};
	rootObject = 42621A762747F16E003E549D /* Project object */;
}
